
Microsoft Visual Studio Solution File, Format Version 12.00
# Visual Studio Version 17
VisualStudioVersion = 17.9.34728.123
MinimumVisualStudioVersion = 10.0.40219.1
Project("{FAE04EC0-301F-11D3-BF4B-00C04F79EFBC}") = "Alunos", "Alunos\Alunos.csproj", "{BA405A31-CAAA-408E-AC78-23A8538FDA1F}"
EndProject
Global
	GlobalSection(SolutionConfigurationPlatforms) = preSolution
		Debug|Any CPU = Debug|Any CPU
		Release|Any CPU = Release|Any CPU
	EndGlobalSection
	GlobalSection(ProjectConfigurationPlatforms) = postSolution
		{BA405A31-CAAA-408E-AC78-23A8538FDA1F}.Debug|Any CPU.ActiveCfg = Debug|Any CPU
		{BA405A31-CAAA-408E-AC78-23A8538FDA1F}.Debug|Any CPU.Build.0 = Debug|Any CPU
		{BA405A31-CAAA-408E-AC78-23A8538FDA1F}.Release|Any CPU.ActiveCfg = Release|Any CPU
		{BA405A31-CAAA-408E-AC78-23A8538FDA1F}.Release|Any CPU.Build.0 = Release|Any CPU
	EndGlobalSection
	GlobalSection(SolutionProperties) = preSolution
		HideSolutionNode = FALSE
	EndGlobalSection
	GlobalSection(ExtensibilityGlobals) = postSolution
		SolutionGuid = {9AC7868B-EE9E-4B7B-A2A4-73A9A4DB5318}
	EndGlobalSection
EndGlobal
